// !$*UTF8*$!
{
	archiveVersion = 1;
	classes = {
	};
	objectVersion = 77;
	objects = {

/* Begin PBXBuildFile section */
		30714A9CA0EA08216A51F24B /* Assets.xcassets in Resources */ = {isa = PBXBuildFile; fileRef = AC77893B030276C9DE8C2AE6 /* Assets.xcassets */; };
		3A90CA7E66362C1158F710CF /* PairingValidationTests.swift in Sources */ = {isa = PBXBuildFile; fileRef = BB55B1C44207A391A102439B /* PairingValidationTests.swift */; };
		4CFA9B1041D9839C37C8CDEF /* RootView.swift in Sources */ = {isa = PBXBuildFile; fileRef = D5DA4800381515BA8D266DE5 /* RootView.swift */; };
		4E76E860AAE2CE6C797D2389 /* PairingLink.swift in Sources */ = {isa = PBXBuildFile; fileRef = BA6B57290A97463D7572CA59 /* PairingLink.swift */; };
		5D4C223684337DAE4C9A1DA6 /* HouseModels.swift in Sources */ = {isa = PBXBuildFile; fileRef = BF0DAA9795E44CBD2DB713B5 /* HouseModels.swift */; };
		60A2BDF6459872FC9903AC12 /* TalkView.swift in Sources */ = {isa = PBXBuildFile; fileRef = EF1FC6FAD373D558F35FA2B0 /* TalkView.swift */; };
		963BD1480E9BFD9F1FDAB9FB /* PairView.swift in Sources */ = {isa = PBXBuildFile; fileRef = EB8553BF7C06ABED0BAE787B /* PairView.swift */; };
		968EEB0742C38E28EABDEA3A /* HouseClient.swift in Sources */ = {isa = PBXBuildFile; fileRef = 777B7498B6B404C46DFFF2B8 /* HouseClient.swift */; };
		9A800D5A5CB2BEB44B67F5DB /* LocalAIApp.swift in Sources */ = {isa = PBXBuildFile; fileRef = 4F932D2E3C5F7B37AE6B83FB /* LocalAIApp.swift */; };
		B0B973D83CE455D8D7735AF3 /* KeychainStore.swift in Sources */ = {isa = PBXBuildFile; fileRef = C48F506ECBC4DC0C41B13416 /* KeychainStore.swift */; };
		DC9F88661CDE7E27325AC31E /* HouseTheme.swift in Sources */ = {isa = PBXBuildFile; fileRef = E3D232BE55F2EBEA7135A5B7 /* HouseTheme.swift */; };
		EDA7678D298887BA99F72A8A /* HouseSSETests.swift in Sources */ = {isa = PBXBuildFile; fileRef = 2B9D5D231D18E78218913183 /* HouseSSETests.swift */; };
/* End PBXBuildFile section */

/* Begin PBXContainerItemProxy section */
		271285116FC41CC356CA26A1 /* PBXContainerItemProxy */ = {
			isa = PBXContainerItemProxy;
			containerPortal = 4F17A567946CA88CDE81C8F9 /* Project object */;
			proxyType = 1;
			remoteGlobalIDString = 5A7C66B1DF60E38F77B0CD6A;
			remoteInfo = LocalAI;
		};
/* End PBXContainerItemProxy section */

/* Begin PBXFileReference section */
		167B7AACFE1A442B26C7473D /* LocalAI.app */ = {isa = PBXFileReference; includeInIndex = 0; lastKnownFileType = wrapper.application; path = LocalAI.app; sourceTree = BUILT_PRODUCTS_DIR; };
		2B9D5D231D18E78218913183 /* HouseSSETests.swift */ = {isa = PBXFileReference; lastKnownFileType = sourcecode.swift; path = HouseSSETests.swift; sourceTree = "<group>"; };
		4F932D2E3C5F7B37AE6B83FB /* LocalAIApp.swift */ = {isa = PBXFileReference; lastKnownFileType = sourcecode.swift; path = LocalAIApp.swift; sourceTree = "<group>"; };
		777B7498B6B404C46DFFF2B8 /* HouseClient.swift */ = {isa = PBXFileReference; lastKnownFileType = sourcecode.swift; path = HouseClient.swift; sourceTree = "<group>"; };
		A426E3DB25B7FB6F09BCFD67 /* LocalAI.entitlements */ = {isa = PBXFileReference; lastKnownFileType = text.plist.entitlements; path = LocalAI.entitlements; sourceTree = "<group>"; };
		AC77893B030276C9DE8C2AE6 /* Assets.xcassets */ = {isa = PBXFileReference; lastKnownFileType = folder.assetcatalog; path = Assets.xcassets; sourceTree = "<group>"; };
		BA6B57290A97463D7572CA59 /* PairingLink.swift */ = {isa = PBXFileReference; lastKnownFileType = sourcecode.swift; path = PairingLink.swift; sourceTree = "<group>"; };
		BB55B1C44207A391A102439B /* PairingValidationTests.swift */ = {isa = PBXFileReference; lastKnownFileType = sourcecode.swift; path = PairingValidationTests.swift; sourceTree = "<group>"; };
		BF0DAA9795E44CBD2DB713B5 /* HouseModels.swift */ = {isa = PBXFileReference; lastKnownFileType = sourcecode.swift; path = HouseModels.swift; sourceTree = "<group>"; };
		C48F506ECBC4DC0C41B13416 /* KeychainStore.swift */ = {isa = PBXFileReference; lastKnownFileType = sourcecode.swift; path = KeychainStore.swift; sourceTree = "<group>"; };
		D5DA4800381515BA8D266DE5 /* RootView.swift */ = {isa = PBXFileReference; lastKnownFileType = sourcecode.swift; path = RootView.swift; sourceTree = "<group>"; };
		E357D2F6C2D3FB31F71FC698 /* LocalAITests.xctest */ = {isa = PBXFileReference; includeInIndex = 0; lastKnownFileType = wrapper.cfbundle; path = LocalAITests.xctest; sourceTree = BUILT_PRODUCTS_DIR; };
		E3D232BE55F2EBEA7135A5B7 /* HouseTheme.swift */ = {isa = PBXFileReference; lastKnownFileType = sourcecode.swift; path = HouseTheme.swift; sourceTree = "<group>"; };
		EB8553BF7C06ABED0BAE787B /* PairView.swift */ = {isa = PBXFileReference; lastKnownFileType = sourcecode.swift; path = PairView.swift; sourceTree = "<group>"; };
		EF1FC6FAD373D558F35FA2B0 /* TalkView.swift */ = {isa = PBXFileReference; lastKnownFileType = sourcecode.swift; path = TalkView.swift; sourceTree = "<group>"; };
		F52BF62BF010418D889FA0A9 /* Info.plist */ = {isa = PBXFileReference; lastKnownFileType = text.plist; path = Info.plist; sourceTree = "<group>"; };
/* End PBXFileReference section */

/* Begin PBXGroup section */
		0930C24A2A2BC7D7304017E9 = {
			isa = PBXGroup;
			children = (
				20D0BB6654C6E99DD35CA19D /* LocalAI */,
				21DD8011D00002F24CD1BDED /* LocalAITests */,
				47AA7952B0DB914081AD14C4 /* Products */,
			);
			sourceTree = "<group>";
		};
		151691541C7A9B904CE0A2F4 /* Views */ = {
			isa = PBXGroup;
			children = (
				E3D232BE55F2EBEA7135A5B7 /* HouseTheme.swift */,
				EB8553BF7C06ABED0BAE787B /* PairView.swift */,
				D5DA4800381515BA8D266DE5 /* RootView.swift */,
				EF1FC6FAD373D558F35FA2B0 /* TalkView.swift */,
			);
			path = Views;
			sourceTree = "<group>";
		};
		1F779B89610A74A24010107F /* Resources */ = {
			isa = PBXGroup;
			children = (
				AC77893B030276C9DE8C2AE6 /* Assets.xcassets */,
				F52BF62BF010418D889FA0A9 /* Info.plist */,
				A426E3DB25B7FB6F09BCFD67 /* LocalAI.entitlements */,
			);
			path = Resources;
			sourceTree = "<group>";
		};
		20D0BB6654C6E99DD35CA19D /* LocalAI */ = {
			isa = PBXGroup;
			children = (
				AD0399A6223AD05654BB8056 /* App */,
				3462BEB7685E9587BDC5E026 /* Models */,
				1F779B89610A74A24010107F /* Resources */,
				8B824ED75337A2FDDE5737BB /* Services */,
				151691541C7A9B904CE0A2F4 /* Views */,
			);
			path = LocalAI;
			sourceTree = "<group>";
		};
		21DD8011D00002F24CD1BDED /* LocalAITests */ = {
			isa = PBXGroup;
			children = (
				2B9D5D231D18E78218913183 /* HouseSSETests.swift */,
				BB55B1C44207A391A102439B /* PairingValidationTests.swift */,
			);
			path = LocalAITests;
			sourceTree = "<group>";
		};
		3462BEB7685E9587BDC5E026 /* Models */ = {
			isa = PBXGroup;
			children = (
				BF0DAA9795E44CBD2DB713B5 /* HouseModels.swift */,
				BA6B57290A97463D7572CA59 /* PairingLink.swift */,
			);
			path = Models;
			sourceTree = "<group>";
		};
		47AA7952B0DB914081AD14C4 /* Products */ = {
			isa = PBXGroup;
			children = (
				167B7AACFE1A442B26C7473D /* LocalAI.app */,
				E357D2F6C2D3FB31F71FC698 /* LocalAITests.xctest */,
			);
			name = Products;
			sourceTree = "<group>";
		};
		8B824ED75337A2FDDE5737BB /* Services */ = {
			isa = PBXGroup;
			children = (
				777B7498B6B404C46DFFF2B8 /* HouseClient.swift */,
				C48F506ECBC4DC0C41B13416 /* KeychainStore.swift */,
			);
			path = Services;
			sourceTree = "<group>";
		};
		AD0399A6223AD05654BB8056 /* App */ = {
			isa = PBXGroup;
			children = (
				4F932D2E3C5F7B37AE6B83FB /* LocalAIApp.swift */,
			);
			path = App;
			sourceTree = "<group>";
		};
/* End PBXGroup section */

/* Begin PBXNativeTarget section */
		0418D2830103E8C0A0F7558D /* LocalAITests */ = {
			isa = PBXNativeTarget;
			buildConfigurationList = 17006DFF45191C008499F402 /* Build configuration list for PBXNativeTarget "LocalAITests" */;
			buildPhases = (
				40F8EFECC3C3021A739CC483 /* Sources */,
			);
			buildRules = (
			);
			dependencies = (
				6141E167061245C4B4C6C626 /* PBXTargetDependency */,
			);
			name = LocalAITests;
			packageProductDependencies = (
			);
			productName = LocalAITests;
			productReference = E357D2F6C2D3FB31F71FC698 /* LocalAITests.xctest */;
			productType = "com.apple.product-type.bundle.unit-test";
		};
		5A7C66B1DF60E38F77B0CD6A /* LocalAI */ = {
			isa = PBXNativeTarget;
			buildConfigurationList = 5658C61FEA34B419D0DD8091 /* Build configuration list for PBXNativeTarget "LocalAI" */;
			buildPhases = (
				F108F4BCFAB5D2BF48ADB658 /* Sources */,
				CDA4B7CCFC86FC7445138753 /* Resources */,
			);
			buildRules = (
			);
			dependencies = (
			);
			name = LocalAI;
			packageProductDependencies = (
			);
			productName = LocalAI;
			productReference = 167B7AACFE1A442B26C7473D /* LocalAI.app */;
			productType = "com.apple.product-type.application";
		};
/* End PBXNativeTarget section */

/* Begin PBXProject section */
		4F17A567946CA88CDE81C8F9 /* Project object */ = {
			isa = PBXProject;
			attributes = {
				BuildIndependentTargetsInParallel = YES;
				LastUpgradeCheck = 1430;
				TargetAttributes = {
					0418D2830103E8C0A0F7558D = {
						ProvisioningStyle = Automatic;
					};
					5A7C66B1DF60E38F77B0CD6A = {
						DevelopmentTeam = 8UUD85JPJ2;
						ProvisioningStyle = Automatic;
					};
				};
			};
			buildConfigurationList = D77CA1FD32591A559D217E54 /* Build configuration list for PBXProject "LocalAI" */;
			developmentRegion = en;
			hasScannedForEncodings = 0;
			knownRegions = (
				Base,
				en,
			);
			mainGroup = 0930C24A2A2BC7D7304017E9;
			minimizedProjectReferenceProxies = 1;
			preferredProjectObjectVersion = 77;
			productRefGroup = 47AA7952B0DB914081AD14C4 /* Products */;
			projectDirPath = "";
			projectRoot = "";
			targets = (
				5A7C66B1DF60E38F77B0CD6A /* LocalAI */,
				0418D2830103E8C0A0F7558D /* LocalAITests */,
			);
		};
/* End PBXProject section */

/* Begin PBXResourcesBuildPhase section */
		CDA4B7CCFC86FC7445138753 /* Resources */ = {
			isa = PBXResourcesBuildPhase;
			buildActionMask = 2147483647;
			files = (
				30714A9CA0EA08216A51F24B /* Assets.xcassets in Resources */,
			);
			runOnlyForDeploymentPostprocessing = 0;
		};
/* End PBXResourcesBuildPhase section */

/* Begin PBXSourcesBuildPhase section */
		40F8EFECC3C3021A739CC483 /* Sources */ = {
			isa = PBXSourcesBuildPhase;
			buildActionMask = 2147483647;
			files = (
				EDA7678D298887BA99F72A8A /* HouseSSETests.swift in Sources */,
				3A90CA7E66362C1158F710CF /* PairingValidationTests.swift in Sources */,
			);
			runOnlyForDeploymentPostprocessing = 0;
		};
		F108F4BCFAB5D2BF48ADB658 /* Sources */ = {
			isa = PBXSourcesBuildPhase;
			buildActionMask = 2147483647;
			files = (
				968EEB0742C38E28EABDEA3A /* HouseClient.swift in Sources */,
				5D4C223684337DAE4C9A1DA6 /* HouseModels.swift in Sources */,
				DC9F88661CDE7E27325AC31E /* HouseTheme.swift in Sources */,
				B0B973D83CE455D8D7735AF3 /* KeychainStore.swift in Sources */,
				9A800D5A5CB2BEB44B67F5DB /* LocalAIApp.swift in Sources */,
				963BD1480E9BFD9F1FDAB9FB /* PairView.swift in Sources */,
				4E76E860AAE2CE6C797D2389 /* PairingLink.swift in Sources */,
				4CFA9B1041D9839C37C8CDEF /* RootView.swift in Sources */,
				60A2BDF6459872FC9903AC12 /* TalkView.swift in Sources */,
			);
			runOnlyForDeploymentPostprocessing = 0;
		};
/* End PBXSourcesBuildPhase section */

/* Begin PBXTargetDependency section */
		6141E167061245C4B4C6C626 /* PBXTargetDependency */ = {
			isa = PBXTargetDependency;
			target = 5A7C66B1DF60E38F77B0CD6A /* LocalAI */;
			targetProxy = 271285116FC41CC356CA26A1 /* PBXContainerItemProxy */;
		};
/* End PBXTargetDependency section */

/* Begin XCBuildConfiguration section */
		03F30D782E6F4E56369C8B4F /* Release */ = {
			isa = XCBuildConfiguration;
			buildSettings = {
				BUNDLE_LOADER = "$(TEST_HOST)";
				GENERATE_INFOPLIST_FILE = YES;
				LD_RUNPATH_SEARCH_PATHS = (
					"$(inherited)",
					"@executable_path/Frameworks",
					"@loader_path/Frameworks",
				);
				PRODUCT_BUNDLE_IDENTIFIER = com.hun.localai.tests;
				SDKROOT = iphoneos;
				TARGETED_DEVICE_FAMILY = "1,2";
				TEST_HOST = "$(BUILT_PRODUCTS_DIR)/LocalAI.app/LocalAI";
			};
			name = Release;
		};
		0D660AC72ADDB07C85E8393F /* Debug */ = {
			isa = XCBuildConfiguration;
			buildSettings = {
				ASSETCATALOG_COMPILER_APPICON_NAME = AppIcon;
				ASSETCATALOG_COMPILER_GLOBAL_ACCENT_COLOR_NAME = AccentColor;
				CODE_SIGN_ENTITLEMENTS = LocalAI/Resources/LocalAI.entitlements;
				CODE_SIGN_IDENTITY = "iPhone Developer";
				CURRENT_PROJECT_VERSION = 2;
				DEVELOPMENT_TEAM = 8UUD85JPJ2;
				INFOPLIST_FILE = LocalAI/Resources/Info.plist;
				LD_RUNPATH_SEARCH_PATHS = (
					"$(inherited)",
					"@executable_path/Frameworks",
				);
				MARKETING_VERSION = 2.0.0;
				PRODUCT_BUNDLE_IDENTIFIER = com.hun.localai;
				PRODUCT_NAME = LocalAI;
				SDKROOT = iphoneos;
				TARGETED_DEVICE_FAMILY = 1;
			};
			name = Debug;
		};
		1CBE98738C6008381EC9254E /* Debug */ = {
			isa = XCBuildConfiguration;
			buildSettings = {
				BUNDLE_LOADER = "$(TEST_HOST)";
				GENERATE_INFOPLIST_FILE = YES;
				LD_RUNPATH_SEARCH_PATHS = (
					"$(inherited)",
					"@executable_path/Frameworks",
					"@loader_path/Frameworks",
				);
				PRODUCT_BUNDLE_IDENTIFIER = com.hun.localai.tests;
				SDKROOT = iphoneos;
				TARGETED_DEVICE_FAMILY = "1,2";
				TEST_HOST = "$(BUILT_PRODUCTS_DIR)/LocalAI.app/LocalAI";
			};
			name = Debug;
		};
		2A069363A013B3974BBAB1D4 /* Release */ = {
			isa = XCBuildConfiguration;
			buildSettings = {
				ALWAYS_SEARCH_USER_PATHS = NO;
				CLANG_ANALYZER_NONNULL = YES;
				CLANG_ANALYZER_NUMBER_OBJECT_CONVERSION = YES_AGGRESSIVE;
				CLANG_CXX_LANGUAGE_STANDARD = "gnu++14";
				CLANG_CXX_LIBRARY = "libc++";
				CLANG_ENABLE_MODULES = YES;
				CLANG_ENABLE_OBJC_ARC = YES;
				CLANG_ENABLE_OBJC_WEAK = YES;
				CLANG_WARN_BLOCK_CAPTURE_AUTORELEASING = YES;
				CLANG_WARN_BOOL_CONVERSION = YES;
				CLANG_WARN_COMMA = YES;
				CLANG_WARN_CONSTANT_CONVERSION = YES;
				CLANG_WARN_DEPRECATED_OBJC_IMPLEMENTATIONS = YES;
				CLANG_WARN_DIRECT_OBJC_ISA_USAGE = YES_ERROR;
				CLANG_WARN_DOCUMENTATION_COMMENTS = YES;
				CLANG_WARN_EMPTY_BODY = YES;
				CLANG_WARN_ENUM_CONVERSION = YES;
				CLANG_WARN_INFINITE_RECURSION = YES;
				CLANG_WARN_INT_CONVERSION = YES;
				CLANG_WARN_NON_LITERAL_NULL_CONVERSION = YES;
				CLANG_WARN_OBJC_IMPLICIT_RETAIN_SELF = YES;
				CLANG_WARN_OBJC_LITERAL_CONVERSION = YES;
				CLANG_WARN_OBJC_ROOT_CLASS = YES_ERROR;
				CLANG_WARN_QUOTED_INCLUDE_IN_FRAMEWORK_HEADER = YES;
				CLANG_WARN_RANGE_LOOP_ANALYSIS = YES;
				CLANG_WARN_STRICT_PROTOTYPES = YES;
				CLANG_WARN_SUSPICIOUS_MOVE = YES;
				CLANG_WARN_UNGUARDED_AVAILABILITY = YES_AGGRESSIVE;
				CLANG_WARN_UNREACHABLE_CODE = YES;
				CLANG_WARN__DUPLICATE_METHOD_MATCH = YES;
				CODE_SIGN_STYLE = Automatic;
				COPY_PHASE_STRIP = NO;
				DEBUG_INFORMATION_FORMAT = "dwarf-with-dsym";
				ENABLE_NS_ASSERTIONS = NO;
				ENABLE_STRICT_OBJC_MSGSEND = YES;
				GCC_C_LANGUAGE_STANDARD = gnu11;
				GCC_NO_COMMON_BLOCKS = YES;
				GCC_WARN_64_TO_32_BIT_CONVERSION = YES;
				GCC_WARN_ABOUT_RETURN_TYPE = YES_ERROR;
				GCC_WARN_UNDECLARED_SELECTOR = YES;
				GCC_WARN_UNINITIALIZED_AUTOS = YES_AGGRESSIVE;
				GCC_WARN_UNUSED_FUNCTION = YES;
				GCC_WARN_UNUSED_VARIABLE = YES;
				IPHONEOS_DEPLOYMENT_TARGET = 17.0;
				MTL_ENABLE_DEBUG_INFO = NO;
				MTL_FAST_MATH = YES;
				PRODUCT_NAME = "$(TARGET_NAME)";
				SDKROOT = iphoneos;
				SWIFT_COMPILATION_MODE = wholemodule;
				SWIFT_OPTIMIZATION_LEVEL = "-O";
				SWIFT_VERSION = 5.0;
			};
			name = Release;
		};
		8C2F8B52AA650D63A6529618 /* Debug */ = {
			isa = XCBuildConfiguration;
			buildSettings = {
				ALWAYS_SEARCH_USER_PATHS = NO;
				CLANG_ANALYZER_NONNULL = YES;
				CLANG_ANALYZER_NUMBER_OBJECT_CONVERSION = YES_AGGRESSIVE;
				CLANG_CXX_LANGUAGE_STANDARD = "gnu++14";
				CLANG_CXX_LIBRARY = "libc++";
				CLANG_ENABLE_MODULES = YES;
				CLANG_ENABLE_OBJC_ARC = YES;
				CLANG_ENABLE_OBJC_WEAK = YES;
				CLANG_WARN_BLOCK_CAPTURE_AUTORELEASING = YES;
				CLANG_WARN_BOOL_CONVERSION = YES;
				CLANG_WARN_COMMA = YES;
				CLANG_WARN_CONSTANT_CONVERSION = YES;
				CLANG_WARN_DEPRECATED_OBJC_IMPLEMENTATIONS = YES;
				CLANG_WARN_DIRECT_OBJC_ISA_USAGE = YES_ERROR;
				CLANG_WARN_DOCUMENTATION_COMMENTS = YES;
				CLANG_WARN_EMPTY_BODY = YES;
				CLANG_WARN_ENUM_CONVERSION = YES;
				CLANG_WARN_INFINITE_RECURSION = YES;
				CLANG_WARN_INT_CONVERSION = YES;
				CLANG_WARN_NON_LITERAL_NULL_CONVERSION = YES;
				CLANG_WARN_OBJC_IMPLICIT_RETAIN_SELF = YES;
				CLANG_WARN_OBJC_LITERAL_CONVERSION = YES;
				CLANG_WARN_OBJC_ROOT_CLASS = YES_ERROR;
				CLANG_WARN_QUOTED_INCLUDE_IN_FRAMEWORK_HEADER = YES;
				CLANG_WARN_RANGE_LOOP_ANALYSIS = YES;
				CLANG_WARN_STRICT_PROTOTYPES = YES;
				CLANG_WARN_SUSPICIOUS_MOVE = YES;
				CLANG_WARN_UNGUARDED_AVAILABILITY = YES_AGGRESSIVE;
				CLANG_WARN_UNREACHABLE_CODE = YES;
				CLANG_WARN__DUPLICATE_METHOD_MATCH = YES;
				CODE_SIGN_STYLE = Automatic;
				COPY_PHASE_STRIP = NO;
				DEBUG_INFORMATION_FORMAT = dwarf;
				ENABLE_STRICT_OBJC_MSGSEND = YES;
				ENABLE_TESTABILITY = YES;
				GCC_C_LANGUAGE_STANDARD = gnu11;
				GCC_DYNAMIC_NO_PIC = NO;
				GCC_NO_COMMON_BLOCKS = YES;
				GCC_OPTIMIZATION_LEVEL = 0;
				GCC_PREPROCESSOR_DEFINITIONS = (
					"$(inherited)",
					"DEBUG=1",
				);
				GCC_WARN_64_TO_32_BIT_CONVERSION = YES;
				GCC_WARN_ABOUT_RETURN_TYPE = YES_ERROR;
				GCC_WARN_UNDECLARED_SELECTOR = YES;
				GCC_WARN_UNINITIALIZED_AUTOS = YES_AGGRESSIVE;
				GCC_WARN_UNUSED_FUNCTION = YES;
				GCC_WARN_UNUSED_VARIABLE = YES;
				IPHONEOS_DEPLOYMENT_TARGET = 17.0;
				MTL_ENABLE_DEBUG_INFO = INCLUDE_SOURCE;
				MTL_FAST_MATH = YES;
				ONLY_ACTIVE_ARCH = YES;
				PRODUCT_NAME = "$(TARGET_NAME)";
				SDKROOT = iphoneos;
				SWIFT_ACTIVE_COMPILATION_CONDITIONS = DEBUG;
				SWIFT_OPTIMIZATION_LEVEL = "-Onone";
				SWIFT_VERSION = 5.0;
			};
			name = Debug;
		};
		DE92B262C0BFDF74565DBFD9 /* Release */ = {
			isa = XCBuildConfiguration;
			buildSettings = {
				ASSETCATALOG_COMPILER_APPICON_NAME = AppIcon;
				ASSETCATALOG_COMPILER_GLOBAL_ACCENT_COLOR_NAME = AccentColor;
				CODE_SIGN_ENTITLEMENTS = LocalAI/Resources/LocalAI.entitlements;
				CODE_SIGN_IDENTITY = "iPhone Developer";
				CURRENT_PROJECT_VERSION = 2;
				DEVELOPMENT_TEAM = 8UUD85JPJ2;
				INFOPLIST_FILE = LocalAI/Resources/Info.plist;
				LD_RUNPATH_SEARCH_PATHS = (
					"$(inherited)",
					"@executable_path/Frameworks",
				);
				MARKETING_VERSION = 2.0.0;
				PRODUCT_BUNDLE_IDENTIFIER = com.hun.localai;
				PRODUCT_NAME = LocalAI;
				SDKROOT = iphoneos;
				TARGETED_DEVICE_FAMILY = 1;
			};
			name = Release;
		};
/* End XCBuildConfiguration section */

/* Begin XCConfigurationList section */
		17006DFF45191C008499F402 /* Build configuration list for PBXNativeTarget "LocalAITests" */ = {
			isa = XCConfigurationList;
			buildConfigurations = (
				1CBE98738C6008381EC9254E /* Debug */,
				03F30D782E6F4E56369C8B4F /* Release */,
			);
			defaultConfigurationIsVisible = 0;
			defaultConfigurationName = Debug;
		};
		5658C61FEA34B419D0DD8091 /* Build configuration list for PBXNativeTarget "LocalAI" */ = {
			isa = XCConfigurationList;
			buildConfigurations = (
				0D660AC72ADDB07C85E8393F /* Debug */,
				DE92B262C0BFDF74565DBFD9 /* Release */,
			);
			defaultConfigurationIsVisible = 0;
			defaultConfigurationName = Debug;
		};
		D77CA1FD32591A559D217E54 /* Build configuration list for PBXProject "LocalAI" */ = {
			isa = XCConfigurationList;
			buildConfigurations = (
				8C2F8B52AA650D63A6529618 /* Debug */,
				2A069363A013B3974BBAB1D4 /* Release */,
			);
			defaultConfigurationIsVisible = 0;
			defaultConfigurationName = Debug;
		};
/* End XCConfigurationList section */
	};
	rootObject = 4F17A567946CA88CDE81C8F9 /* Project object */;
}
